
Microsoft Visual Studio Solution File, Format Version 12.00
# Visual Studio Version 16
VisualStudioVersion = 16.0.31313.79
MinimumVisualStudioVersion = 10.0.40219.1
Project("{FAE04EC0-301F-11D3-BF4B-00C04F79EFBC}") = "ServerProj", "ServerProj\ServerProj.csproj", "{E9D84038-C5B8-4778-ABB6-7EA2FA534026}"
EndProject
Project("{FAE04EC0-301F-11D3-BF4B-00C04F79EFBC}") = "ClientProj", "ClientProj\ClientProj.csproj", "{B259CF4A-948F-4668-9B18-05AA9877E6FF}"
EndProject
Project("{FAE04EC0-301F-11D3-BF4B-00C04F79EFBC}") = "Packets", "Packets\Packets.csproj", "{6B7A8332-9B27-4C5A-AF08-833E66642733}"
EndProject
Global
	GlobalSection(SolutionConfigurationPlatforms) = preSolution
		Debug|Any CPU = Debug|Any CPU
		Release|Any CPU = Release|Any CPU
	EndGlobalSection
	GlobalSection(ProjectConfigurationPlatforms) = postSolution
		{E9D84038-C5B8-4778-ABB6-7EA2FA534026}.Debug|Any CPU.ActiveCfg = Debug|Any CPU
		{E9D84038-C5B8-4778-ABB6-7EA2FA534026}.Debug|Any CPU.Build.0 = Debug|Any CPU
		{E9D84038-C5B8-4778-ABB6-7EA2FA534026}.Release|Any CPU.ActiveCfg = Release|Any CPU
		{E9D84038-C5B8-4778-ABB6-7EA2FA534026}.Release|Any CPU.Build.0 = Release|Any CPU
		{B259CF4A-948F-4668-9B18-05AA9877E6FF}.Debug|Any CPU.ActiveCfg = Debug|Any CPU
		{B259CF4A-948F-4668-9B18-05AA9877E6FF}.Debug|Any CPU.Build.0 = Debug|Any CPU
		{B259CF4A-948F-4668-9B18-05AA9877E6FF}.Release|Any CPU.ActiveCfg = Release|Any CPU
		{B259CF4A-948F-4668-9B18-05AA9877E6FF}.Release|Any CPU.Build.0 = Release|Any CPU
		{6B7A8332-9B27-4C5A-AF08-833E66642733}.Debug|Any CPU.ActiveCfg = Debug|Any CPU
		{6B7A8332-9B27-4C5A-AF08-833E66642733}.Debug|Any CPU.Build.0 = Debug|Any CPU
		{6B7A8332-9B27-4C5A-AF08-833E66642733}.Release|Any CPU.ActiveCfg = Release|Any CPU
		{6B7A8332-9B27-4C5A-AF08-833E66642733}.Release|Any CPU.Build.0 = Release|Any CPU
	EndGlobalSection
	GlobalSection(SolutionProperties) = preSolution
		HideSolutionNode = FALSE
	EndGlobalSection
	GlobalSection(ExtensibilityGlobals) = postSolution
		SolutionGuid = {C432798E-8767-47F5-89E8-CDAF5770221D}
	EndGlobalSection
EndGlobal
